
Microsoft Visual Studio Solution File, Format Version 12.00
# Visual Studio Version 17
VisualStudioVersion = 17.12.35527.113
MinimumVisualStudioVersion = 10.0.40219.1
Project("{FAE04EC0-301F-11D3-BF4B-00C04F79EFBC}") = "PresentationLayer", "Contacts.PresentationLayer\PresentationLayer.csproj", "{B461F33E-7C0A-41F0-BDB8-9B17B1D585B0}"
EndProject
Project("{FAE04EC0-301F-11D3-BF4B-00C04F79EFBC}") = "DataAccessLayer", "CountryDaatAcessLayer\DataAccessLayer.csproj", "{418E3DA8-AF33-495A-B692-46CED2698CB0}"
EndProject
Project("{FAE04EC0-301F-11D3-BF4B-00C04F79EFBC}") = "BusinessLayer", "Country.BusinesssLayer\BusinessLayer.csproj", "{813B9F4D-78F3-41CC-A9DC-31143D1D4D46}"
EndProject
Global
	GlobalSection(SolutionConfigurationPlatforms) = preSolution
		Debug|Any CPU = Debug|Any CPU
		Release|Any CPU = Release|Any CPU
	EndGlobalSection
	GlobalSection(ProjectConfigurationPlatforms) = postSolution
		{B461F33E-7C0A-41F0-BDB8-9B17B1D585B0}.Debug|Any CPU.ActiveCfg = Debug|Any CPU
		{B461F33E-7C0A-41F0-BDB8-9B17B1D585B0}.Debug|Any CPU.Build.0 = Debug|Any CPU
		{B461F33E-7C0A-41F0-BDB8-9B17B1D585B0}.Release|Any CPU.ActiveCfg = Release|Any CPU
		{B461F33E-7C0A-41F0-BDB8-9B17B1D585B0}.Release|Any CPU.Build.0 = Release|Any CPU
		{418E3DA8-AF33-495A-B692-46CED2698CB0}.Debug|Any CPU.ActiveCfg = Debug|Any CPU
		{418E3DA8-AF33-495A-B692-46CED2698CB0}.Debug|Any CPU.Build.0 = Debug|Any CPU
		{418E3DA8-AF33-495A-B692-46CED2698CB0}.Release|Any CPU.ActiveCfg = Release|Any CPU
		{418E3DA8-AF33-495A-B692-46CED2698CB0}.Release|Any CPU.Build.0 = Release|Any CPU
		{813B9F4D-78F3-41CC-A9DC-31143D1D4D46}.Debug|Any CPU.ActiveCfg = Debug|Any CPU
		{813B9F4D-78F3-41CC-A9DC-31143D1D4D46}.Debug|Any CPU.Build.0 = Debug|Any CPU
		{813B9F4D-78F3-41CC-A9DC-31143D1D4D46}.Release|Any CPU.ActiveCfg = Release|Any CPU
		{813B9F4D-78F3-41CC-A9DC-31143D1D4D46}.Release|Any CPU.Build.0 = Release|Any CPU
	EndGlobalSection
	GlobalSection(SolutionProperties) = preSolution
		HideSolutionNode = FALSE
	EndGlobalSection
EndGlobal
